
Microsoft Visual Studio Solution File, Format Version 12.00
# Visual Studio Version 17
VisualStudioVersion = 17.1.32414.318
MinimumVisualStudioVersion = 10.0.40219.1
Project("{FAE04EC0-301F-11D3-BF4B-00C04F79EFBC}") = "TaxCalc.UWP", "TaxCalc.UWP\TaxCalc.UWP.csproj", "{328303C7-3C17-4445-A3CD-F2D21B6C110F}"
EndProject
Project("{FAE04EC0-301F-11D3-BF4B-00C04F79EFBC}") = "TaxCalc.iOS", "TaxCalc.iOS\TaxCalc.iOS.csproj", "{99B3937F-BAF5-4061-BCE8-0004CAAE77AB}"
EndProject
Project("{9A19103F-16F7-4668-BE54-9A1E7A4F7556}") = "TaxCalc.Core", "TaxCalc\TaxCalc.Core.csproj", "{1EDAC1A5-F604-4BFD-B83F-E40DE3382C58}"
EndProject
Project("{FAE04EC0-301F-11D3-BF4B-00C04F79EFBC}") = "TaxCalc.API", "..\TaxCalc.API\TaxCalc.API.csproj", "{5BA9F5C4-57C6-4557-BDAF-9B7E039B2D64}"
EndProject
Project("{FAE04EC0-301F-11D3-BF4B-00C04F79EFBC}") = "TaxCalc.UnitTest", "..\TaxCalc.UnitTest\TaxCalc.UnitTest.csproj", "{D32779FB-4152-4283-A767-A80D1DF625E2}"
EndProject
Project("{2150E333-8FDC-42A3-9474-1A3956D46DE8}") = "Platforms", "Platforms", "{1C972D96-E074-4BF7-8809-584C42E83C72}"
EndProject
Project("{FAE04EC0-301F-11D3-BF4B-00C04F79EFBC}") = "TaxCalc.Android", "TaxCalc.Android\TaxCalc.Android.csproj", "{C53D5B08-541D-4D60-BF07-D2583EABEF34}"
EndProject
Global
	GlobalSection(SolutionConfigurationPlatforms) = preSolution
		Debug|Any CPU = Debug|Any CPU
		Debug|ARM = Debug|ARM
		Debug|iPhone = Debug|iPhone
		Debug|iPhoneSimulator = Debug|iPhoneSimulator
		Debug|x64 = Debug|x64
		Debug|x86 = Debug|x86
		Release|Any CPU = Release|Any CPU
		Release|ARM = Release|ARM
		Release|iPhone = Release|iPhone
		Release|iPhoneSimulator = Release|iPhoneSimulator
		Release|x64 = Release|x64
		Release|x86 = Release|x86
	EndGlobalSection
	GlobalSection(ProjectConfigurationPlatforms) = postSolution
		{328303C7-3C17-4445-A3CD-F2D21B6C110F}.Debug|Any CPU.ActiveCfg = Debug|x86
		{328303C7-3C17-4445-A3CD-F2D21B6C110F}.Debug|Any CPU.Build.0 = Debug|x86
		{328303C7-3C17-4445-A3CD-F2D21B6C110F}.Debug|Any CPU.Deploy.0 = Debug|x86
		{328303C7-3C17-4445-A3CD-F2D21B6C110F}.Debug|ARM.ActiveCfg = Debug|ARM
		{328303C7-3C17-4445-A3CD-F2D21B6C110F}.Debug|ARM.Build.0 = Debug|ARM
		{328303C7-3C17-4445-A3CD-F2D21B6C110F}.Debug|ARM.Deploy.0 = Debug|ARM
		{328303C7-3C17-4445-A3CD-F2D21B6C110F}.Debug|iPhone.ActiveCfg = Debug|x86
		{328303C7-3C17-4445-A3CD-F2D21B6C110F}.Debug|iPhone.Build.0 = Debug|x86
		{328303C7-3C17-4445-A3CD-F2D21B6C110F}.Debug|iPhone.Deploy.0 = Debug|x86
		{328303C7-3C17-4445-A3CD-F2D21B6C110F}.Debug|iPhoneSimulator.ActiveCfg = Debug|x86
		{328303C7-3C17-4445-A3CD-F2D21B6C110F}.Debug|iPhoneSimulator.Build.0 = Debug|x86
		{328303C7-3C17-4445-A3CD-F2D21B6C110F}.Debug|iPhoneSimulator.Deploy.0 = Debug|x86
		{328303C7-3C17-4445-A3CD-F2D21B6C110F}.Debug|x64.ActiveCfg = Debug|x64
		{328303C7-3C17-4445-A3CD-F2D21B6C110F}.Debug|x64.Build.0 = Debug|x64
		{328303C7-3C17-4445-A3CD-F2D21B6C110F}.Debug|x64.Deploy.0 = Debug|x64
		{328303C7-3C17-4445-A3CD-F2D21B6C110F}.Debug|x86.ActiveCfg = Debug|x86
		{328303C7-3C17-4445-A3CD-F2D21B6C110F}.Debug|x86.Build.0 = Debug|x86
		{328303C7-3C17-4445-A3CD-F2D21B6C110F}.Debug|x86.Deploy.0 = Debug|x86
		{328303C7-3C17-4445-A3CD-F2D21B6C110F}.Release|Any CPU.ActiveCfg = Release|x86
		{328303C7-3C17-4445-A3CD-F2D21B6C110F}.Release|Any CPU.Build.0 = Release|x86
		{328303C7-3C17-4445-A3CD-F2D21B6C110F}.Release|Any CPU.Deploy.0 = Release|x86
		{328303C7-3C17-4445-A3CD-F2D21B6C110F}.Release|ARM.ActiveCfg = Release|ARM
		{328303C7-3C17-4445-A3CD-F2D21B6C110F}.Release|ARM.Build.0 = Release|ARM
		{328303C7-3C17-4445-A3CD-F2D21B6C110F}.Release|ARM.Deploy.0 = Release|ARM
		{328303C7-3C17-4445-A3CD-F2D21B6C110F}.Release|iPhone.ActiveCfg = Release|x86
		{328303C7-3C17-4445-A3CD-F2D21B6C110F}.Release|iPhone.Build.0 = Release|x86
		{328303C7-3C17-4445-A3CD-F2D21B6C110F}.Release|iPhone.Deploy.0 = Release|x86
		{328303C7-3C17-4445-A3CD-F2D21B6C110F}.Release|iPhoneSimulator.ActiveCfg = Release|x86
		{328303C7-3C17-4445-A3CD-F2D21B6C110F}.Release|iPhoneSimulator.Build.0 = Release|x86
		{328303C7-3C17-4445-A3CD-F2D21B6C110F}.Release|iPhoneSimulator.Deploy.0 = Release|x86
		{328303C7-3C17-4445-A3CD-F2D21B6C110F}.Release|x64.ActiveCfg = Release|x64
		{328303C7-3C17-4445-A3CD-F2D21B6C110F}.Release|x64.Build.0 = Release|x64
		{328303C7-3C17-4445-A3CD-F2D21B6C110F}.Release|x64.Deploy.0 = Release|x64
		{328303C7-3C17-4445-A3CD-F2D21B6C110F}.Release|x86.ActiveCfg = Release|x86
		{328303C7-3C17-4445-A3CD-F2D21B6C110F}.Release|x86.Build.0 = Release|x86
		{328303C7-3C17-4445-A3CD-F2D21B6C110F}.Release|x86.Deploy.0 = Release|x86
		{99B3937F-BAF5-4061-BCE8-0004CAAE77AB}.Debug|Any CPU.ActiveCfg = Debug|iPhoneSimulator
		{99B3937F-BAF5-4061-BCE8-0004CAAE77AB}.Debug|Any CPU.Build.0 = Debug|iPhoneSimulator
		{99B3937F-BAF5-4061-BCE8-0004CAAE77AB}.Debug|Any CPU.Deploy.0 = Debug|iPhoneSimulator
		{99B3937F-BAF5-4061-BCE8-0004CAAE77AB}.Debug|ARM.ActiveCfg = Debug|iPhone
		{99B3937F-BAF5-4061-BCE8-0004CAAE77AB}.Debug|ARM.Build.0 = Debug|iPhone
		{99B3937F-BAF5-4061-BCE8-0004CAAE77AB}.Debug|ARM.Deploy.0 = Debug|iPhone
		{99B3937F-BAF5-4061-BCE8-0004CAAE77AB}.Debug|iPhone.ActiveCfg = Debug|iPhone
		{99B3937F-BAF5-4061-BCE8-0004CAAE77AB}.Debug|iPhone.Build.0 = Debug|iPhone
		{99B3937F-BAF5-4061-BCE8-0004CAAE77AB}.Debug|iPhone.Deploy.0 = Debug|iPhone
		{99B3937F-BAF5-4061-BCE8-0004CAAE77AB}.Debug|iPhoneSimulator.ActiveCfg = Debug|iPhoneSimulator
		{99B3937F-BAF5-4061-BCE8-0004CAAE77AB}.Debug|iPhoneSimulator.Build.0 = Debug|iPhoneSimulator
		{99B3937F-BAF5-4061-BCE8-0004CAAE77AB}.Debug|iPhoneSimulator.Deploy.0 = Debug|iPhoneSimulator
		{99B3937F-BAF5-4061-BCE8-0004CAAE77AB}.Debug|x64.ActiveCfg = Debug|iPhoneSimulator
		{99B3937F-BAF5-4061-BCE8-0004CAAE77AB}.Debug|x64.Build.0 = Debug|iPhoneSimulator
		{99B3937F-BAF5-4061-BCE8-0004CAAE77AB}.Debug|x64.Deploy.0 = Debug|iPhoneSimulator
		{99B3937F-BAF5-4061-BCE8-0004CAAE77AB}.Debug|x86.ActiveCfg = Debug|iPhoneSimulator
		{99B3937F-BAF5-4061-BCE8-0004CAAE77AB}.Debug|x86.Build.0 = Debug|iPhoneSimulator
		{99B3937F-BAF5-4061-BCE8-0004CAAE77AB}.Debug|x86.Deploy.0 = Debug|iPhoneSimulator
		{99B3937F-BAF5-4061-BCE8-0004CAAE77AB}.Release|Any CPU.ActiveCfg = Release|iPhoneSimulator
		{99B3937F-BAF5-4061-BCE8-0004CAAE77AB}.Release|Any CPU.Build.0 = Release|iPhoneSimulator
		{99B3937F-BAF5-4061-BCE8-0004CAAE77AB}.Release|Any CPU.Deploy.0 = Release|iPhoneSimulator
		{99B3937F-BAF5-4061-BCE8-0004CAAE77AB}.Release|ARM.ActiveCfg = Release|iPhoneSimulator
		{99B3937F-BAF5-4061-BCE8-0004CAAE77AB}.Release|ARM.Build.0 = Release|iPhoneSimulator
		{99B3937F-BAF5-4061-BCE8-0004CAAE77AB}.Release|ARM.Deploy.0 = Release|iPhoneSimulator
		{99B3937F-BAF5-4061-BCE8-0004CAAE77AB}.Release|iPhone.ActiveCfg = Release|iPhone
		{99B3937F-BAF5-4061-BCE8-0004CAAE77AB}.Release|iPhone.Build.0 = Release|iPhone
		{99B3937F-BAF5-4061-BCE8-0004CAAE77AB}.Release|iPhone.Deploy.0 = Release|iPhone
		{99B3937F-BAF5-4061-BCE8-0004CAAE77AB}.Release|iPhoneSimulator.ActiveCfg = Release|iPhoneSimulator
		{99B3937F-BAF5-4061-BCE8-0004CAAE77AB}.Release|iPhoneSimulator.Build.0 = Release|iPhoneSimulator
		{99B3937F-BAF5-4061-BCE8-0004CAAE77AB}.Release|iPhoneSimulator.Deploy.0 = Release|iPhoneSimulator
		{99B3937F-BAF5-4061-BCE8-0004CAAE77AB}.Release|x64.ActiveCfg = Release|iPhoneSimulator
		{99B3937F-BAF5-4061-BCE8-0004CAAE77AB}.Release|x64.Build.0 = Release|iPhoneSimulator
		{99B3937F-BAF5-4061-BCE8-0004CAAE77AB}.Release|x64.Deploy.0 = Release|iPhoneSimulator
		{99B3937F-BAF5-4061-BCE8-0004CAAE77AB}.Release|x86.ActiveCfg = Release|iPhoneSimulator
		{99B3937F-BAF5-4061-BCE8-0004CAAE77AB}.Release|x86.Build.0 = Release|iPhoneSimulator
		{99B3937F-BAF5-4061-BCE8-0004CAAE77AB}.Release|x86.Deploy.0 = Release|iPhoneSimulator
		{1EDAC1A5-F604-4BFD-B83F-E40DE3382C58}.Debug|Any CPU.ActiveCfg = Debug|Any CPU
		{1EDAC1A5-F604-4BFD-B83F-E40DE3382C58}.Debug|Any CPU.Build.0 = Debug|Any CPU
		{1EDAC1A5-F604-4BFD-B83F-E40DE3382C58}.Debug|Any CPU.Deploy.0 = Debug|Any CPU
		{1EDAC1A5-F604-4BFD-B83F-E40DE3382C58}.Debug|ARM.ActiveCfg = Debug|Any CPU
		{1EDAC1A5-F604-4BFD-B83F-E40DE3382C58}.Debug|ARM.Build.0 = Debug|Any CPU
		{1EDAC1A5-F604-4BFD-B83F-E40DE3382C58}.Debug|ARM.Deploy.0 = Debug|Any CPU
		{1EDAC1A5-F604-4BFD-B83F-E40DE3382C58}.Debug|iPhone.ActiveCfg = Debug|Any CPU
		{1EDAC1A5-F604-4BFD-B83F-E40DE3382C58}.Debug|iPhone.Build.0 = Debug|Any CPU
		{1EDAC1A5-F604-4BFD-B83F-E40DE3382C58}.Debug|iPhone.Deploy.0 = Debug|Any CPU
		{1EDAC1A5-F604-4BFD-B83F-E40DE3382C58}.Debug|iPhoneSimulator.ActiveCfg = Debug|Any CPU
		{1EDAC1A5-F604-4BFD-B83F-E40DE3382C58}.Debug|iPhoneSimulator.Build.0 = Debug|Any CPU
		{1EDAC1A5-F604-4BFD-B83F-E40DE3382C58}.Debug|iPhoneSimulator.Deploy.0 = Debug|Any CPU
		{1EDAC1A5-F604-4BFD-B83F-E40DE3382C58}.Debug|x64.ActiveCfg = Debug|Any CPU
		{1EDAC1A5-F604-4BFD-B83F-E40DE3382C58}.Debug|x64.Build.0 = Debug|Any CPU
		{1EDAC1A5-F604-4BFD-B83F-E40DE3382C58}.Debug|x64.Deploy.0 = Debug|Any CPU
		{1EDAC1A5-F604-4BFD-B83F-E40DE3382C58}.Debug|x86.ActiveCfg = Debug|Any CPU
		{1EDAC1A5-F604-4BFD-B83F-E40DE3382C58}.Debug|x86.Build.0 = Debug|Any CPU
		{1EDAC1A5-F604-4BFD-B83F-E40DE3382C58}.Debug|x86.Deploy.0 = Debug|Any CPU
		{1EDAC1A5-F604-4BFD-B83F-E40DE3382C58}.Release|Any CPU.ActiveCfg = Release|Any CPU
		{1EDAC1A5-F604-4BFD-B83F-E40DE3382C58}.Release|Any CPU.Build.0 = Release|Any CPU
		{1EDAC1A5-F604-4BFD-B83F-E40DE3382C58}.Release|Any CPU.Deploy.0 = Release|Any CPU
		{1EDAC1A5-F604-4BFD-B83F-E40DE3382C58}.Release|ARM.ActiveCfg = Release|Any CPU
		{1EDAC1A5-F604-4BFD-B83F-E40DE3382C58}.Release|ARM.Build.0 = Release|Any CPU
		{1EDAC1A5-F604-4BFD-B83F-E40DE3382C58}.Release|ARM.Deploy.0 = Release|Any CPU
		{1EDAC1A5-F604-4BFD-B83F-E40DE3382C58}.Release|iPhone.ActiveCfg = Release|Any CPU
		{1EDAC1A5-F604-4BFD-B83F-E40DE3382C58}.Release|iPhone.Build.0 = Release|Any CPU
		{1EDAC1A5-F604-4BFD-B83F-E40DE3382C58}.Release|iPhone.Deploy.0 = Release|Any CPU
		{1EDAC1A5-F604-4BFD-B83F-E40DE3382C58}.Release|iPhoneSimulator.ActiveCfg = Release|Any CPU
		{1EDAC1A5-F604-4BFD-B83F-E40DE3382C58}.Release|iPhoneSimulator.Build.0 = Release|Any CPU
		{1EDAC1A5-F604-4BFD-B83F-E40DE3382C58}.Release|iPhoneSimulator.Deploy.0 = Release|Any CPU
		{1EDAC1A5-F604-4BFD-B83F-E40DE3382C58}.Release|x64.ActiveCfg = Release|Any CPU
		{1EDAC1A5-F604-4BFD-B83F-E40DE3382C58}.Release|x64.Build.0 = Release|Any CPU
		{1EDAC1A5-F604-4BFD-B83F-E40DE3382C58}.Release|x64.Deploy.0 = Release|Any CPU
		{1EDAC1A5-F604-4BFD-B83F-E40DE3382C58}.Release|x86.ActiveCfg = Release|Any CPU
		{1EDAC1A5-F604-4BFD-B83F-E40DE3382C58}.Release|x86.Build.0 = Release|Any CPU
		{1EDAC1A5-F604-4BFD-B83F-E40DE3382C58}.Release|x86.Deploy.0 = Release|Any CPU
		{5BA9F5C4-57C6-4557-BDAF-9B7E039B2D64}.Debug|Any CPU.ActiveCfg = Debug|Any CPU
		{5BA9F5C4-57C6-4557-BDAF-9B7E039B2D64}.Debug|Any CPU.Build.0 = Debug|Any CPU
		{5BA9F5C4-57C6-4557-BDAF-9B7E039B2D64}.Debug|ARM.ActiveCfg = Debug|Any CPU
		{5BA9F5C4-57C6-4557-BDAF-9B7E039B2D64}.Debug|ARM.Build.0 = Debug|Any CPU
		{5BA9F5C4-57C6-4557-BDAF-9B7E039B2D64}.Debug|iPhone.ActiveCfg = Debug|Any CPU
		{5BA9F5C4-57C6-4557-BDAF-9B7E039B2D64}.Debug|iPhone.Build.0 = Debug|Any CPU
		{5BA9F5C4-57C6-4557-BDAF-9B7E039B2D64}.Debug|iPhoneSimulator.ActiveCfg = Debug|Any CPU
		{5BA9F5C4-57C6-4557-BDAF-9B7E039B2D64}.Debug|iPhoneSimulator.Build.0 = Debug|Any CPU
		{5BA9F5C4-57C6-4557-BDAF-9B7E039B2D64}.Debug|x64.ActiveCfg = Debug|Any CPU
		{5BA9F5C4-57C6-4557-BDAF-9B7E039B2D64}.Debug|x64.Build.0 = Debug|Any CPU
		{5BA9F5C4-57C6-4557-BDAF-9B7E039B2D64}.Debug|x86.ActiveCfg = Debug|Any CPU
		{5BA9F5C4-57C6-4557-BDAF-9B7E039B2D64}.Debug|x86.Build.0 = Debug|Any CPU
		{5BA9F5C4-57C6-4557-BDAF-9B7E039B2D64}.Release|Any CPU.ActiveCfg = Release|Any CPU
		{5BA9F5C4-57C6-4557-BDAF-9B7E039B2D64}.Release|Any CPU.Build.0 = Release|Any CPU
		{5BA9F5C4-57C6-4557-BDAF-9B7E039B2D64}.Release|ARM.ActiveCfg = Release|Any CPU
		{5BA9F5C4-57C6-4557-BDAF-9B7E039B2D64}.Release|ARM.Build.0 = Release|Any CPU
		{5BA9F5C4-57C6-4557-BDAF-9B7E039B2D64}.Release|iPhone.ActiveCfg = Release|Any CPU
		{5BA9F5C4-57C6-4557-BDAF-9B7E039B2D64}.Release|iPhone.Build.0 = Release|Any CPU
		{5BA9F5C4-57C6-4557-BDAF-9B7E039B2D64}.Release|iPhoneSimulator.ActiveCfg = Release|Any CPU
		{5BA9F5C4-57C6-4557-BDAF-9B7E039B2D64}.Release|iPhoneSimulator.Build.0 = Release|Any CPU
		{5BA9F5C4-57C6-4557-BDAF-9B7E039B2D64}.Release|x64.ActiveCfg = Release|Any CPU
		{5BA9F5C4-57C6-4557-BDAF-9B7E039B2D64}.Release|x64.Build.0 = Release|Any CPU
		{5BA9F5C4-57C6-4557-BDAF-9B7E039B2D64}.Release|x86.ActiveCfg = Release|Any CPU
		{5BA9F5C4-57C6-4557-BDAF-9B7E039B2D64}.Release|x86.Build.0 = Release|Any CPU
		{D32779FB-4152-4283-A767-A80D1DF625E2}.Debug|Any CPU.ActiveCfg = Debug|Any CPU
		{D32779FB-4152-4283-A767-A80D1DF625E2}.Debug|Any CPU.Build.0 = Debug|Any CPU
		{D32779FB-4152-4283-A767-A80D1DF625E2}.Debug|ARM.ActiveCfg = Debug|Any CPU
		{D32779FB-4152-4283-A767-A80D1DF625E2}.Debug|ARM.Build.0 = Debug|Any CPU
		{D32779FB-4152-4283-A767-A80D1DF625E2}.Debug|iPhone.ActiveCfg = Debug|Any CPU
		{D32779FB-4152-4283-A767-A80D1DF625E2}.Debug|iPhone.Build.0 = Debug|Any CPU
		{D32779FB-4152-4283-A767-A80D1DF625E2}.Debug|iPhoneSimulator.ActiveCfg = Debug|Any CPU
		{D32779FB-4152-4283-A767-A80D1DF625E2}.Debug|iPhoneSimulator.Build.0 = Debug|Any CPU
		{D32779FB-4152-4283-A767-A80D1DF625E2}.Debug|x64.ActiveCfg = Debug|Any CPU
		{D32779FB-4152-4283-A767-A80D1DF625E2}.Debug|x64.Build.0 = Debug|Any CPU
		{D32779FB-4152-4283-A767-A80D1DF625E2}.Debug|x86.ActiveCfg = Debug|Any CPU
		{D32779FB-4152-4283-A767-A80D1DF625E2}.Debug|x86.Build.0 = Debug|Any CPU
		{D32779FB-4152-4283-A767-A80D1DF625E2}.Release|Any CPU.ActiveCfg = Release|Any CPU
		{D32779FB-4152-4283-A767-A80D1DF625E2}.Release|Any CPU.Build.0 = Release|Any CPU
		{D32779FB-4152-4283-A767-A80D1DF625E2}.Release|ARM.ActiveCfg = Release|Any CPU
		{D32779FB-4152-4283-A767-A80D1DF625E2}.Release|ARM.Build.0 = Release|Any CPU
		{D32779FB-4152-4283-A767-A80D1DF625E2}.Release|iPhone.ActiveCfg = Release|Any CPU
		{D32779FB-4152-4283-A767-A80D1DF625E2}.Release|iPhone.Build.0 = Release|Any CPU
		{D32779FB-4152-4283-A767-A80D1DF625E2}.Release|iPhoneSimulator.ActiveCfg = Release|Any CPU
		{D32779FB-4152-4283-A767-A80D1DF625E2}.Release|iPhoneSimulator.Build.0 = Release|Any CPU
		{D32779FB-4152-4283-A767-A80D1DF625E2}.Release|x64.ActiveCfg = Release|Any CPU
		{D32779FB-4152-4283-A767-A80D1DF625E2}.Release|x64.Build.0 = Release|Any CPU
		{D32779FB-4152-4283-A767-A80D1DF625E2}.Release|x86.ActiveCfg = Release|Any CPU
		{D32779FB-4152-4283-A767-A80D1DF625E2}.Release|x86.Build.0 = Release|Any CPU
		{C53D5B08-541D-4D60-BF07-D2583EABEF34}.Debug|Any CPU.ActiveCfg = Debug|Any CPU
		{C53D5B08-541D-4D60-BF07-D2583EABEF34}.Debug|Any CPU.Build.0 = Debug|Any CPU
		{C53D5B08-541D-4D60-BF07-D2583EABEF34}.Debug|Any CPU.Deploy.0 = Debug|Any CPU
		{C53D5B08-541D-4D60-BF07-D2583EABEF34}.Debug|ARM.ActiveCfg = Debug|Any CPU
		{C53D5B08-541D-4D60-BF07-D2583EABEF34}.Debug|ARM.Build.0 = Debug|Any CPU
		{C53D5B08-541D-4D60-BF07-D2583EABEF34}.Debug|ARM.Deploy.0 = Debug|Any CPU
		{C53D5B08-541D-4D60-BF07-D2583EABEF34}.Debug|iPhone.ActiveCfg = Debug|Any CPU
		{C53D5B08-541D-4D60-BF07-D2583EABEF34}.Debug|iPhone.Build.0 = Debug|Any CPU
		{C53D5B08-541D-4D60-BF07-D2583EABEF34}.Debug|iPhone.Deploy.0 = Debug|Any CPU
		{C53D5B08-541D-4D60-BF07-D2583EABEF34}.Debug|iPhoneSimulator.ActiveCfg = Debug|Any CPU
		{C53D5B08-541D-4D60-BF07-D2583EABEF34}.Debug|iPhoneSimulator.Build.0 = Debug|Any CPU
		{C53D5B08-541D-4D60-BF07-D2583EABEF34}.Debug|iPhoneSimulator.Deploy.0 = Debug|Any CPU
		{C53D5B08-541D-4D60-BF07-D2583EABEF34}.Debug|x64.ActiveCfg = Debug|Any CPU
		{C53D5B08-541D-4D60-BF07-D2583EABEF34}.Debug|x64.Build.0 = Debug|Any CPU
		{C53D5B08-541D-4D60-BF07-D2583EABEF34}.Debug|x64.Deploy.0 = Debug|Any CPU
		{C53D5B08-541D-4D60-BF07-D2583EABEF34}.Debug|x86.ActiveCfg = Debug|Any CPU
		{C53D5B08-541D-4D60-BF07-D2583EABEF34}.Debug|x86.Build.0 = Debug|Any CPU
		{C53D5B08-541D-4D60-BF07-D2583EABEF34}.Debug|x86.Deploy.0 = Debug|Any CPU
		{C53D5B08-541D-4D60-BF07-D2583EABEF34}.Release|Any CPU.ActiveCfg = Release|Any CPU
		{C53D5B08-541D-4D60-BF07-D2583EABEF34}.Release|Any CPU.Build.0 = Release|Any CPU
		{C53D5B08-541D-4D60-BF07-D2583EABEF34}.Release|Any CPU.Deploy.0 = Release|Any CPU
		{C53D5B08-541D-4D60-BF07-D2583EABEF34}.Release|ARM.ActiveCfg = Release|Any CPU
		{C53D5B08-541D-4D60-BF07-D2583EABEF34}.Release|ARM.Build.0 = Release|Any CPU
		{C53D5B08-541D-4D60-BF07-D2583EABEF34}.Release|ARM.Deploy.0 = Release|Any CPU
		{C53D5B08-541D-4D60-BF07-D2583EABEF34}.Release|iPhone.ActiveCfg = Release|Any CPU
		{C53D5B08-541D-4D60-BF07-D2583EABEF34}.Release|iPhone.Build.0 = Release|Any CPU
		{C53D5B08-541D-4D60-BF07-D2583EABEF34}.Release|iPhone.Deploy.0 = Release|Any CPU
		{C53D5B08-541D-4D60-BF07-D2583EABEF34}.Release|iPhoneSimulator.ActiveCfg = Release|Any CPU
		{C53D5B08-541D-4D60-BF07-D2583EABEF34}.Release|iPhoneSimulator.Build.0 = Release|Any CPU
		{C53D5B08-541D-4D60-BF07-D2583EABEF34}.Release|iPhoneSimulator.Deploy.0 = Release|Any CPU
		{C53D5B08-541D-4D60-BF07-D2583EABEF34}.Release|x64.ActiveCfg = Release|Any CPU
		{C53D5B08-541D-4D60-BF07-D2583EABEF34}.Release|x64.Build.0 = Release|Any CPU
		{C53D5B08-541D-4D60-BF07-D2583EABEF34}.Release|x64.Deploy.0 = Release|Any CPU
		{C53D5B08-541D-4D60-BF07-D2583EABEF34}.Release|x86.ActiveCfg = Release|Any CPU
		{C53D5B08-541D-4D60-BF07-D2583EABEF34}.Release|x86.Build.0 = Release|Any CPU
		{C53D5B08-541D-4D60-BF07-D2583EABEF34}.Release|x86.Deploy.0 = Release|Any CPU
	EndGlobalSection
	GlobalSection(SolutionProperties) = preSolution
		HideSolutionNode = FALSE
	EndGlobalSection
	GlobalSection(NestedProjects) = preSolution
		{328303C7-3C17-4445-A3CD-F2D21B6C110F} = {1C972D96-E074-4BF7-8809-584C42E83C72}
		{99B3937F-BAF5-4061-BCE8-0004CAAE77AB} = {1C972D96-E074-4BF7-8809-584C42E83C72}
		{C53D5B08-541D-4D60-BF07-D2583EABEF34} = {1C972D96-E074-4BF7-8809-584C42E83C72}
	EndGlobalSection
	GlobalSection(ExtensibilityGlobals) = postSolution
		SolutionGuid = {7B596D1C-B98C-4756-9836-6CC985DA05B2}
	EndGlobalSection
EndGlobal
